
Microsoft Visual Studio Solution File, Format Version 12.00
# Visual Studio Version 16
VisualStudioVersion = 16.0.30608.117
MinimumVisualStudioVersion = 10.0.40219.1
Project("{9A19103F-16F7-4668-BE54-9A1E7A4F7556}") = "MyMvcApp", "MyMvcApp.csproj", "{DBF660A1-74F6-4D94-81C5-B79602D6B332}"
EndProject
Global
	GlobalSection(SolutionConfigurationPlatforms) = preSolution
		Debug|Any CPU = Debug|Any CPU
		Release|Any CPU = Release|Any CPU
	EndGlobalSection
	GlobalSection(ProjectConfigurationPlatforms) = postSolution
		{DBF660A1-74F6-4D94-81C5-B79602D6B332}.Debug|Any CPU.ActiveCfg = Debug|Any CPU
		{DBF660A1-74F6-4D94-81C5-B79602D6B332}.Debug|Any CPU.Build.0 = Debug|Any CPU
		{DBF660A1-74F6-4D94-81C5-B79602D6B332}.Release|Any CPU.ActiveCfg = Release|Any CPU
		{DBF660A1-74F6-4D94-81C5-B79602D6B332}.Release|Any CPU.Build.0 = Release|Any CPU
	EndGlobalSection
	GlobalSection(SolutionProperties) = preSolution
		HideSolutionNode = FALSE
	EndGlobalSection
	GlobalSection(ExtensibilityGlobals) = postSolution
		SolutionGuid = {A4A4A9BB-7CD9-4591-8E8E-3E7773B4DB95}
	EndGlobalSection
EndGlobal
